
Microsoft Visual Studio Solution File, Format Version 12.00
# Visual Studio 15
VisualStudioVersion = 15.0.27703.2035
MinimumVisualStudioVersion = 10.0.40219.1
Project("{FAE04EC0-301F-11D3-BF4B-00C04F79EFBC}") = "GenericStageInjectionCommon", "GenericStageInjectionCommon\GenericStageInjectionCommon.csproj", "{E9D936D4-9E47-4855-B725-48AE8A3947C1}"
EndProject
Global
	GlobalSection(SolutionConfigurationPlatforms) = preSolution
		Debug|Any CPU = Debug|Any CPU
		Release|Any CPU = Release|Any CPU
	EndGlobalSection
	GlobalSection(ProjectConfigurationPlatforms) = postSolution
		{E9D936D4-9E47-4855-B725-48AE8A3947C1}.Debug|Any CPU.ActiveCfg = Debug|Any CPU
		{E9D936D4-9E47-4855-B725-48AE8A3947C1}.Debug|Any CPU.Build.0 = Debug|Any CPU
		{E9D936D4-9E47-4855-B725-48AE8A3947C1}.Release|Any CPU.ActiveCfg = Release|Any CPU
		{E9D936D4-9E47-4855-B725-48AE8A3947C1}.Release|Any CPU.Build.0 = Release|Any CPU
	EndGlobalSection
	GlobalSection(SolutionProperties) = preSolution
		HideSolutionNode = FALSE
	EndGlobalSection
	GlobalSection(ExtensibilityGlobals) = postSolution
		SolutionGuid = {1B2B2BF9-449C-4C37-8045-DA6173EFC780}
	EndGlobalSection
EndGlobal
